
Microsoft Visual Studio Solution File, Format Version 12.00
# Visual Studio 15
Project("{FAE04EC0-301F-11D3-BF4B-00C04F79EFBC}") = "Assembly-CSharp", "Assembly-CSharp.csproj", "{D5BDDCB8-DB17-2CD2-E245-1F36B3F3AAED}"
EndProject
Global
	GlobalSection(SolutionConfigurationPlatforms) = preSolution
		Debug|Any CPU = Debug|Any CPU
		Release|Any CPU = Release|Any CPU
	EndGlobalSection
	GlobalSection(ProjectConfigurationPlatforms) = postSolution
		{D5BDDCB8-DB17-2CD2-E245-1F36B3F3AAED}.Debug|Any CPU.ActiveCfg = Debug|Any CPU
		{D5BDDCB8-DB17-2CD2-E245-1F36B3F3AAED}.Debug|Any CPU.Build.0 = Debug|Any CPU
		{D5BDDCB8-DB17-2CD2-E245-1F36B3F3AAED}.Release|Any CPU.ActiveCfg = Release|Any CPU
		{D5BDDCB8-DB17-2CD2-E245-1F36B3F3AAED}.Release|Any CPU.Build.0 = Release|Any CPU
	EndGlobalSection
	GlobalSection(SolutionProperties) = preSolution
		HideSolutionNode = FALSE
	EndGlobalSection
EndGlobal
